
Microsoft Visual Studio Solution File, Format Version 12.00
# Visual Studio Version 17
VisualStudioVersion = 17.8.34408.163
MinimumVisualStudioVersion = 10.0.40219.1
Project("{FAE04EC0-301F-11D3-BF4B-00C04F79EFBC}") = "StockExchangeAPI", "StockExchangeAPI.csproj", "{6F6410E4-2A53-454B-A234-2B85FBD8D5FE}"
EndProject
Global
	GlobalSection(SolutionConfigurationPlatforms) = preSolution
		Debug|Any CPU = Debug|Any CPU
		Release|Any CPU = Release|Any CPU
	EndGlobalSection
	GlobalSection(ProjectConfigurationPlatforms) = postSolution
		{6F6410E4-2A53-454B-A234-2B85FBD8D5FE}.Debug|Any CPU.ActiveCfg = Debug|Any CPU
		{6F6410E4-2A53-454B-A234-2B85FBD8D5FE}.Debug|Any CPU.Build.0 = Debug|Any CPU
		{6F6410E4-2A53-454B-A234-2B85FBD8D5FE}.Release|Any CPU.ActiveCfg = Release|Any CPU
		{6F6410E4-2A53-454B-A234-2B85FBD8D5FE}.Release|Any CPU.Build.0 = Release|Any CPU
	EndGlobalSection
	GlobalSection(SolutionProperties) = preSolution
		HideSolutionNode = FALSE
	EndGlobalSection
	GlobalSection(ExtensibilityGlobals) = postSolution
		SolutionGuid = {EE2797F6-0A0E-4D99-88FD-539528CE9D58}
	EndGlobalSection
EndGlobal
