
Microsoft Visual Studio Solution File, Format Version 12.00
# Visual Studio Version 17
VisualStudioVersion = 17.8.34408.163
MinimumVisualStudioVersion = 10.0.40219.1
Project("{FAE04EC0-301F-11D3-BF4B-00C04F79EFBC}") = "Stock_Exchange_API", "Stock_Exchange_API.csproj", "{A0CB3385-CEA6-4ADB-B298-5A4B9CAD13C6}"
EndProject
Global
	GlobalSection(SolutionConfigurationPlatforms) = preSolution
		Debug|Any CPU = Debug|Any CPU
		Release|Any CPU = Release|Any CPU
	EndGlobalSection
	GlobalSection(ProjectConfigurationPlatforms) = postSolution
		{A0CB3385-CEA6-4ADB-B298-5A4B9CAD13C6}.Debug|Any CPU.ActiveCfg = Debug|Any CPU
		{A0CB3385-CEA6-4ADB-B298-5A4B9CAD13C6}.Debug|Any CPU.Build.0 = Debug|Any CPU
		{A0CB3385-CEA6-4ADB-B298-5A4B9CAD13C6}.Release|Any CPU.ActiveCfg = Release|Any CPU
		{A0CB3385-CEA6-4ADB-B298-5A4B9CAD13C6}.Release|Any CPU.Build.0 = Release|Any CPU
	EndGlobalSection
	GlobalSection(SolutionProperties) = preSolution
		HideSolutionNode = FALSE
	EndGlobalSection
	GlobalSection(ExtensibilityGlobals) = postSolution
		SolutionGuid = {7E077C80-6B48-45F1-8BB6-18741E063D6C}
	EndGlobalSection
EndGlobal
