
Microsoft Visual Studio Solution File, Format Version 12.00
# Visual Studio Version 17
VisualStudioVersion = 17.8.34408.163
MinimumVisualStudioVersion = 10.0.40219.1
Project("{FAE04EC0-301F-11D3-BF4B-00C04F79EFBC}") = "StockExchange", "StockExchange.csproj", "{E5F493AF-A68D-4A47-BAE2-FD41B7A46E9E}"
EndProject
Global
	GlobalSection(SolutionConfigurationPlatforms) = preSolution
		Debug|Any CPU = Debug|Any CPU
		Release|Any CPU = Release|Any CPU
	EndGlobalSection
	GlobalSection(ProjectConfigurationPlatforms) = postSolution
		{E5F493AF-A68D-4A47-BAE2-FD41B7A46E9E}.Debug|Any CPU.ActiveCfg = Debug|Any CPU
		{E5F493AF-A68D-4A47-BAE2-FD41B7A46E9E}.Debug|Any CPU.Build.0 = Debug|Any CPU
		{E5F493AF-A68D-4A47-BAE2-FD41B7A46E9E}.Release|Any CPU.ActiveCfg = Release|Any CPU
		{E5F493AF-A68D-4A47-BAE2-FD41B7A46E9E}.Release|Any CPU.Build.0 = Release|Any CPU
	EndGlobalSection
	GlobalSection(SolutionProperties) = preSolution
		HideSolutionNode = FALSE
	EndGlobalSection
	GlobalSection(ExtensibilityGlobals) = postSolution
		SolutionGuid = {AEE91587-E53A-46D3-9674-0A04D889FE17}
	EndGlobalSection
EndGlobal
